hash: d69d3799ec76b5bbe1c1aab353c6c155439ef51d6c693adf08c6dee7ae290005
updated: 2017-06-27T12:58:56.579023741+02:00
imports:
- name: github.com/bradfitz/slice
  version: d9036e2120b5ddfa53f3ebccd618c4af275f47da
- name: github.com/fatih/structs
  version: a720dfa8df582c51dee1b36feabb906bde1588bd
- name: github.com/go-sql-driver/mysql
  version: 2e00b5cd70399450106cec6431c2e2ce3cae5034
- name: github.com/google/btree
  version: 316fb6d3f031ae8f4d457c6c5186b9e3ded70435
- name: github.com/hashicorp/go-version
  version: 03c5bf6be031b6dd45afec16b1cf94fc8938bc77
- name: github.com/montanaflynn/stats
  version: eeaced052adbcfeea372c749c281099ed7fdaa38
- name: github.com/nu7hatch/gouuid
  version: 179d4d0c4d8d407a32af483c2354df1d2c91e6c3
- name: github.com/percona/go-mysql
  version: 2a6037d7d809b18ebd6d735b397f2321879af611
  subpackages:
  - dsn
  - event
  - log
  - log/slow
  - query
- name: github.com/percona/percona-toolkit
  version: 52427dedcadc0da5e8d4daf05d55b49eb28e5a31
  subpackages:
  - src/go/mongolib/fingerprinter
  - src/go/mongolib/proto
  - src/go/mongolib/stats
  - src/go/mongolib/util
- name: github.com/percona/pmgo
  version: 411337976b1ab0eeaa634fd2c9b2321a9d056fec
- name: github.com/percona/pmm
  version: 0af8c6479067bf89905f881e6b118d340f719d6d
  subpackages:
  - proto
  - proto/config
  - proto/metrics
  - proto/qan
  - proto/query
- name: github.com/peterbourgon/diskv
  version: 5dfcb07a075adbaaa4094cddfd160b1e1c77a043
- name: github.com/pkg/errors
  version: 645ef00459ed84a119197bfb8d8205042c6df63d
- name: go4.org
  version: 7ce08ca145dbe0e66a127c447b80ee7914f3e4f9
  subpackages:
  - reflectutil
- name: golang.org/x/net
  version: 6b27048ae5e6ad1ef927e72e437531493de612fe
  subpackages:
  - context
  - websocket
- name: gopkg.in/mgo.v2
  version: 3f83fa5005286a7fe593b055f0d7771a7dce4655
  subpackages:
  - bson
  - dbtest
  - internal/json
  - internal/sasl
  - internal/scram
- name: gopkg.in/tomb.v2
  version: d5d1b5820637886def9eef33e03a27a9f166942c
testImports:
- name: github.com/davecgh/go-spew
  version: 04cdfd42973bb9c8589fd6a731800cf222fde1a9
  subpackages:
  - spew
- name: github.com/gorilla/context
  version: 08b5f424b9271eedf6f9f0ce86cb9396ed337a42
- name: github.com/gorilla/mux
  version: 4c1c3952b7d9d0a061a3fa7b36fd373ba0398ebc
- name: github.com/pmezard/go-difflib
  version: d8ed2627bdf02c080bf22230dbb337003b7aba2d
  subpackages:
  - difflib
- name: github.com/stretchr/testify
  version: 4d4bfba8f1d1027c4fdbe371823030df51419987
  subpackages:
  - assert
  - require
  - suite
- name: gopkg.in/check.v1
  version: 20d25e2804050c1cd24a7eea1e7a6447dd0e74ec
