hash: a4470be0fb87057d6366c458fa6d302a67762b66489fb3042612276aa802482a
updated: 2018-04-26T22:02:37.968998337+02:00
imports:
- name: github.com/bradfitz/slice
  version: d9036e2120b5ddfa53f3ebccd618c4af275f47da
- name: github.com/fatih/structs
  version: ebf56d35bba727c68ac77f56f2fcf90b181851aa
- name: github.com/go-ole/go-ole
  version: a1ec82a652ebc7e784d7df887cfb31061aeabbcc
  subpackages:
  - oleutil
- name: github.com/go-sql-driver/mysql
  version: 3287d94d4c6a48a63e16fffaabf27ab20203af2a
- name: github.com/google/btree
  version: e89373fe6b4a7413d7acd6da1725b83ef713e6e4
- name: github.com/hashicorp/go-version
  version: 23480c0665776210b5fbbac6eaaee40e3e6a96b7
- name: github.com/Masterminds/semver
  version: 3c560837130448941620d7694991d3ec440aefc0
- name: github.com/montanaflynn/stats
  version: 1bf9dbcd8cbe1fdb75add3785b1d4a9a646269ab
- name: github.com/nu7hatch/gouuid
  version: 179d4d0c4d8d407a32af483c2354df1d2c91e6c3
- name: github.com/percona/go-mysql
  version: 82ed67a1d0f1779cd60a025c54e0827da0c0838b
  subpackages:
  - dsn
  - event
  - log
  - log/slow
  - query
- name: github.com/percona/percona-toolkit
  version: e3a7c8036d68f20f4e94a1c4b357ac806c4e3e4f
  subpackages:
  - src/go/mongolib/explain
  - src/go/mongolib/fingerprinter
  - src/go/mongolib/proto
  - src/go/mongolib/stats
  - src/go/mongolib/util
- name: github.com/percona/pmgo
  version: 497d06e28f910fbe26d5d60f59d36284a6901c6f
- name: github.com/percona/pmm
  version: 2705fbb6b1cc393660d9b3d25518d7bacd5db2ad
  subpackages:
  - proto
  - proto/config
  - proto/metrics
  - proto/qan
  - proto/query
- name: github.com/peterbourgon/diskv
  version: 0646ccaebea1ed1539efcab30cae44019090093f
- name: github.com/pkg/errors
  version: 816c9085562cd7ee03e7f8188a1cfd942858cded
- name: github.com/shirou/gopsutil
  version: 63047d776e07105e370af46ecbd0ae96850f5ef2
  subpackages:
  - cpu
  - host
  - internal/common
  - mem
  - net
  - process
- name: github.com/shirou/w32
  version: bb4de0191aa41b5507caa14b0650cdbddcd9280b
- name: github.com/StackExchange/wmi
  version: cdffdb33acae0e14efff2628f9bae377b597840e
- name: go4.org
  version: 9599cf28b011184741f249bd9f9330756b506cbc
  subpackages:
  - reflectutil
- name: golang.org/x/net
  version: 5f9ae10d9af5b1c89ae6904293b14b064d4ada23
  subpackages:
  - context
  - websocket
- name: golang.org/x/sys
  version: bb9c189858d91f42db229b04d45a4c3d23a7662a
  subpackages:
  - unix
  - windows
- name: google.golang.org/appengine
  version: 0a24098c0ec68416ec050f567f75df563d6b231e
  subpackages:
  - cloudsql
- name: gopkg.in/mgo.v2
  version: 3f83fa5005286a7fe593b055f0d7771a7dce4655
  subpackages:
  - bson
  - dbtest
  - internal/json
  - internal/sasl
  - internal/scram
- name: gopkg.in/tomb.v2
  version: d5d1b5820637886def9eef33e03a27a9f166942c
testImports:
- name: github.com/davecgh/go-spew
  version: 8991bc29aa16c548c550c7ff78260e27b9ab7c73
  subpackages:
  - spew
- name: github.com/gorilla/context
  version: 08b5f424b9271eedf6f9f0ce86cb9396ed337a42
- name: github.com/gorilla/mux
  version: b57cb1605fd11ba2ecfa7f68992b4b9cc791934d
- name: github.com/pmezard/go-difflib
  version: 792786c7400a136282c1664665ae0a8db921c6c2
  subpackages:
  - difflib
- name: github.com/stretchr/testify
  version: c679ae2cc0cb27ec3293fea7e254e47386f05d69
  subpackages:
  - assert
  - require
  - suite
- name: gopkg.in/check.v1
  version: 20d25e2804050c1cd24a7eea1e7a6447dd0e74ec
